
Microsoft Visual Studio Solution File, Format Version 12.00
# Visual Studio Version 16
VisualStudioVersion = 16.0.34031.81
MinimumVisualStudioVersion = 10.0.40219.1
Project("{FAE04EC0-301F-11D3-BF4B-00C04F79EFBC}") = "MathandComparisonOperations", "MathandComparisonOperations.csproj", "{C59BD8BB-4AC1-4CD7-806D-C53CC11A0CDE}"
EndProject
Global
	GlobalSection(SolutionConfigurationPlatforms) = preSolution
		Debug|Any CPU = Debug|Any CPU
		Release|Any CPU = Release|Any CPU
	EndGlobalSection
	GlobalSection(ProjectConfigurationPlatforms) = postSolution
		{C59BD8BB-4AC1-4CD7-806D-C53CC11A0CDE}.Debug|Any CPU.ActiveCfg = Debug|Any CPU
		{C59BD8BB-4AC1-4CD7-806D-C53CC11A0CDE}.Debug|Any CPU.Build.0 = Debug|Any CPU
		{C59BD8BB-4AC1-4CD7-806D-C53CC11A0CDE}.Release|Any CPU.ActiveCfg = Release|Any CPU
		{C59BD8BB-4AC1-4CD7-806D-C53CC11A0CDE}.Release|Any CPU.Build.0 = Release|Any CPU
	EndGlobalSection
	GlobalSection(SolutionProperties) = preSolution
		HideSolutionNode = FALSE
	EndGlobalSection
	GlobalSection(ExtensibilityGlobals) = postSolution
		SolutionGuid = {100F0B60-45C7-41DE-9281-A6219F9DF939}
	EndGlobalSection
EndGlobal
